
Microsoft Visual Studio Solution File, Format Version 12.00
# Visual Studio 15
VisualStudioVersion = 15.0.27130.2010
MinimumVisualStudioVersion = 10.0.40219.1
Project("{FAE04EC0-301F-11D3-BF4B-00C04F79EFBC}") = "CrudResourceIT", "CrudResourceIT\CrudResourceIT.csproj", "{E223E712-F094-4C66-B39A-33F11399AFAE}"
EndProject
Project("{FAE04EC0-301F-11D3-BF4B-00C04F79EFBC}") = "CrudResourceIT.Tests", "CrudResourceIT.Tests\CrudResourceIT.Tests.csproj", "{B2A69529-2528-46FC-A59F-54E7C5B971FE}"
EndProject
Global
	GlobalSection(SolutionConfigurationPlatforms) = preSolution
		Debug|Any CPU = Debug|Any CPU
		Release|Any CPU = Release|Any CPU
	EndGlobalSection
	GlobalSection(ProjectConfigurationPlatforms) = postSolution
		{E223E712-F094-4C66-B39A-33F11399AFAE}.Debug|Any CPU.ActiveCfg = Debug|Any CPU
		{E223E712-F094-4C66-B39A-33F11399AFAE}.Debug|Any CPU.Build.0 = Debug|Any CPU
		{E223E712-F094-4C66-B39A-33F11399AFAE}.Release|Any CPU.ActiveCfg = Release|Any CPU
		{E223E712-F094-4C66-B39A-33F11399AFAE}.Release|Any CPU.Build.0 = Release|Any CPU
		{B2A69529-2528-46FC-A59F-54E7C5B971FE}.Debug|Any CPU.ActiveCfg = Debug|Any CPU
		{B2A69529-2528-46FC-A59F-54E7C5B971FE}.Debug|Any CPU.Build.0 = Debug|Any CPU
		{B2A69529-2528-46FC-A59F-54E7C5B971FE}.Release|Any CPU.ActiveCfg = Release|Any CPU
		{B2A69529-2528-46FC-A59F-54E7C5B971FE}.Release|Any CPU.Build.0 = Release|Any CPU
	EndGlobalSection
	GlobalSection(SolutionProperties) = preSolution
		HideSolutionNode = FALSE
	EndGlobalSection
	GlobalSection(ExtensibilityGlobals) = postSolution
		SolutionGuid = {59A38F48-52C0-4DF8-8F29-56D40EB1F5E7}
	EndGlobalSection
EndGlobal
